
Microsoft Visual Studio Solution File, Format Version 12.00
# Visual Studio Version 17
VisualStudioVersion = 17.9.34714.143
MinimumVisualStudioVersion = 10.0.40219.1
Project("{9A19103F-16F7-4668-BE54-9A1E7A4F7556}") = "Entidades", "Entidades\Entidades.csproj", "{64D4A119-CCD9-4FA0-8440-DACD11AC27C3}"
EndProject
Project("{9A19103F-16F7-4668-BE54-9A1E7A4F7556}") = "Interfaz", "Interfaz\Interfaz.csproj", "{8477314C-0E0F-43B1-AEC3-6DA748C86B57}"
EndProject
Project("{9A19103F-16F7-4668-BE54-9A1E7A4F7556}") = "TestUnitario", "TestUnitario\TestUnitario.csproj", "{627DE09B-AC45-4C55-8BE5-75830D92379D}"
EndProject
Global
	GlobalSection(SolutionConfigurationPlatforms) = preSolution
		Debug|Any CPU = Debug|Any CPU
		Release|Any CPU = Release|Any CPU
	EndGlobalSection
	GlobalSection(ProjectConfigurationPlatforms) = postSolution
		{64D4A119-CCD9-4FA0-8440-DACD11AC27C3}.Debug|Any CPU.ActiveCfg = Debug|Any CPU
		{64D4A119-CCD9-4FA0-8440-DACD11AC27C3}.Debug|Any CPU.Build.0 = Debug|Any CPU
		{64D4A119-CCD9-4FA0-8440-DACD11AC27C3}.Release|Any CPU.ActiveCfg = Release|Any CPU
		{64D4A119-CCD9-4FA0-8440-DACD11AC27C3}.Release|Any CPU.Build.0 = Release|Any CPU
		{8477314C-0E0F-43B1-AEC3-6DA748C86B57}.Debug|Any CPU.ActiveCfg = Debug|Any CPU
		{8477314C-0E0F-43B1-AEC3-6DA748C86B57}.Debug|Any CPU.Build.0 = Debug|Any CPU
		{8477314C-0E0F-43B1-AEC3-6DA748C86B57}.Release|Any CPU.ActiveCfg = Release|Any CPU
		{8477314C-0E0F-43B1-AEC3-6DA748C86B57}.Release|Any CPU.Build.0 = Release|Any CPU
		{627DE09B-AC45-4C55-8BE5-75830D92379D}.Debug|Any CPU.ActiveCfg = Debug|Any CPU
		{627DE09B-AC45-4C55-8BE5-75830D92379D}.Debug|Any CPU.Build.0 = Debug|Any CPU
		{627DE09B-AC45-4C55-8BE5-75830D92379D}.Release|Any CPU.ActiveCfg = Release|Any CPU
		{627DE09B-AC45-4C55-8BE5-75830D92379D}.Release|Any CPU.Build.0 = Release|Any CPU
	EndGlobalSection
	GlobalSection(SolutionProperties) = preSolution
		HideSolutionNode = FALSE
	EndGlobalSection
	GlobalSection(ExtensibilityGlobals) = postSolution
		SolutionGuid = {8C1CDFF9-0599-452B-970E-9C9CD4545DD1}
	EndGlobalSection
EndGlobal
